
Microsoft Visual Studio Solution File, Format Version 12.00
# Visual Studio Version 17
VisualStudioVersion = 17.7.34221.43
MinimumVisualStudioVersion = 10.0.40219.1
Project("{FAE04EC0-301F-11D3-BF4B-00C04F79EFBC}") = "Shop", "Shop.csproj", "{9B110E92-C2BF-43B7-9712-9031832D8F80}"
EndProject
Global
	GlobalSection(SolutionConfigurationPlatforms) = preSolution
		Debug|Any CPU = Debug|Any CPU
		Release|Any CPU = Release|Any CPU
	EndGlobalSection
	GlobalSection(ProjectConfigurationPlatforms) = postSolution
		{9B110E92-C2BF-43B7-9712-9031832D8F80}.Debug|Any CPU.ActiveCfg = Debug|Any CPU
		{9B110E92-C2BF-43B7-9712-9031832D8F80}.Debug|Any CPU.Build.0 = Debug|Any CPU
		{9B110E92-C2BF-43B7-9712-9031832D8F80}.Release|Any CPU.ActiveCfg = Release|Any CPU
		{9B110E92-C2BF-43B7-9712-9031832D8F80}.Release|Any CPU.Build.0 = Release|Any CPU
	EndGlobalSection
	GlobalSection(SolutionProperties) = preSolution
		HideSolutionNode = FALSE
	EndGlobalSection
	GlobalSection(ExtensibilityGlobals) = postSolution
		SolutionGuid = {1502CAD1-13E9-4332-A8FF-8E5F151BF7D4}
	EndGlobalSection
EndGlobal
